// !$*UTF8*$!
{
	archiveVersion = 1;
	classes = {
	};
	objectVersion = 56;
	objects = {

/* Begin PBXBuildFile section */
		6B35D93329CB95EA00C59E34 /* Mini4App.swift in Sources */ = {isa = PBXBuildFile; fileRef = 6B35D93229CB95EA00C59E34 /* Mini4App.swift */; };
		6B35D93529CB95EA00C59E34 /* ContentView.swift in Sources */ = {isa = PBXBuildFile; fileRef = 6B35D93429CB95EA00C59E34 /* ContentView.swift */; };
		6B35D93729CB95EA00C59E34 /* Assets.xcassets in Resources */ = {isa = PBXBuildFile; fileRef = 6B35D93629CB95EA00C59E34 /* Assets.xcassets */; };
		6B35D93A29CB95EA00C59E34 /* Preview Assets.xcassets in Resources */ = {isa = PBXBuildFile; fileRef = 6B35D93929CB95EA00C59E34 /* Preview Assets.xcassets */; };
		6B35D94429CB95EA00C59E34 /* Mini4Tests.swift in Sources */ = {isa = PBXBuildFile; fileRef = 6B35D94329CB95EA00C59E34 /* Mini4Tests.swift */; };
		6B35D94E29CB95EA00C59E34 /* Mini4UITests.swift in Sources */ = {isa = PBXBuildFile; fileRef = 6B35D94D29CB95EA00C59E34 /* Mini4UITests.swift */; };
		6B35D95029CB95EA00C59E34 /* Mini4UITestsLaunchTests.swift in Sources */ = {isa = PBXBuildFile; fileRef = 6B35D94F29CB95EA00C59E34 /* Mini4UITestsLaunchTests.swift */; };
		6B35D96E29D215AD00C59E34 /* GeometryForm.swift in Sources */ = {isa = PBXBuildFile; fileRef = 6B35D96D29D215AD00C59E34 /* GeometryForm.swift */; };
		6B35D97229D21B8D00C59E34 /* BottomButtons.swift in Sources */ = {isa = PBXBuildFile; fileRef = 6B35D97129D21B8D00C59E34 /* BottomButtons.swift */; };
		6BE8819F29D35F5500AC287C /* RectangleBottom.swift in Sources */ = {isa = PBXBuildFile; fileRef = 6BE8819E29D35F5500AC287C /* RectangleBottom.swift */; };
		6BE881A329D3666000AC287C /* ButtonGameRefreshConf.swift in Sources */ = {isa = PBXBuildFile; fileRef = 6BE881A229D3666000AC287C /* ButtonGameRefreshConf.swift */; };
		6BE881A529D37F9100AC287C /* RefreshAndOkButtons.swift in Sources */ = {isa = PBXBuildFile; fileRef = 6BE881A429D37F9100AC287C /* RefreshAndOkButtons.swift */; };
		D4DB4A2429CE41EB00194C3F /* RespostasView.swift in Sources */ = {isa = PBXBuildFile; fileRef = D4DB4A2329CE41EB00194C3F /* RespostasView.swift */; };
/* End PBXBuildFile section */

/* Begin PBXContainerItemProxy section */
		6B35D94029CB95EA00C59E34 /* PBXContainerItemProxy */ = {
			isa = PBXContainerItemProxy;
			containerPortal = 6B35D92729CB95EA00C59E34 /* Project object */;
			proxyType = 1;
			remoteGlobalIDString = 6B35D92E29CB95EA00C59E34;
			remoteInfo = Mini4;
		};
		6B35D94A29CB95EA00C59E34 /* PBXContainerItemProxy */ = {
			isa = PBXContainerItemProxy;
			containerPortal = 6B35D92729CB95EA00C59E34 /* Project object */;
			proxyType = 1;
			remoteGlobalIDString = 6B35D92E29CB95EA00C59E34;
			remoteInfo = Mini4;
		};
/* End PBXContainerItemProxy section */

/* Begin PBXFileReference section */
		6B35D92F29CB95EA00C59E34 /* Mini4.app */ = {isa = PBXFileReference; explicitFileType = wrapper.application; includeInIndex = 0; path = Mini4.app; sourceTree = BUILT_PRODUCTS_DIR; };
		6B35D93229CB95EA00C59E34 /* Mini4App.swift */ = {isa = PBXFileReference; lastKnownFileType = sourcecode.swift; path = Mini4App.swift; sourceTree = "<group>"; };
		6B35D93429CB95EA00C59E34 /* ContentView.swift */ = {isa = PBXFileReference; lastKnownFileType = sourcecode.swift; path = ContentView.swift; sourceTree = "<group>"; };
		6B35D93629CB95EA00C59E34 /* Assets.xcassets */ = {isa = PBXFileReference; lastKnownFileType = folder.assetcatalog; path = Assets.xcassets; sourceTree = "<group>"; };
		6B35D93929CB95EA00C59E34 /* Preview Assets.xcassets */ = {isa = PBXFileReference; lastKnownFileType = folder.assetcatalog; path = "Preview Assets.xcassets"; sourceTree = "<group>"; };
		6B35D93F29CB95EA00C59E34 /* Mini4Tests.xctest */ = {isa = PBXFileReference; explicitFileType = wrapper.cfbundle; includeInIndex = 0; path = Mini4Tests.xctest; sourceTree = BUILT_PRODUCTS_DIR; };
		6B35D94329CB95EA00C59E34 /* Mini4Tests.swift */ = {isa = PBXFileReference; lastKnownFileType = sourcecode.swift; path = Mini4Tests.swift; sourceTree = "<group>"; };
		6B35D94929CB95EA00C59E34 /* Mini4UITests.xctest */ = {isa = PBXFileReference; explicitFileType = wrapper.cfbundle; includeInIndex = 0; path = Mini4UITests.xctest; sourceTree = BUILT_PRODUCTS_DIR; };
		6B35D94D29CB95EA00C59E34 /* Mini4UITests.swift */ = {isa = PBXFileReference; lastKnownFileType = sourcecode.swift; path = Mini4UITests.swift; sourceTree = "<group>"; };
		6B35D94F29CB95EA00C59E34 /* Mini4UITestsLaunchTests.swift */ = {isa = PBXFileReference; lastKnownFileType = sourcecode.swift; path = Mini4UITestsLaunchTests.swift; sourceTree = "<group>"; };
		6B35D96D29D215AD00C59E34 /* GeometryForm.swift */ = {isa = PBXFileReference; lastKnownFileType = sourcecode.swift; path = GeometryForm.swift; sourceTree = SOURCE_ROOT; };
		6B35D97129D21B8D00C59E34 /* BottomButtons.swift */ = {isa = PBXFileReference; lastKnownFileType = sourcecode.swift; path = BottomButtons.swift; sourceTree = "<group>"; };
		6BE8819E29D35F5500AC287C /* RectangleBottom.swift */ = {isa = PBXFileReference; lastKnownFileType = sourcecode.swift; path = RectangleBottom.swift; sourceTree = "<group>"; };
		6BE881A229D3666000AC287C /* ButtonGameRefreshConf.swift */ = {isa = PBXFileReference; lastKnownFileType = sourcecode.swift; path = ButtonGameRefreshConf.swift; sourceTree = "<group>"; };
		6BE881A429D37F9100AC287C /* RefreshAndOkButtons.swift */ = {isa = PBXFileReference; lastKnownFileType = sourcecode.swift; path = RefreshAndOkButtons.swift; sourceTree = "<group>"; };
		D4DB4A2329CE41EB00194C3F /* RespostasView.swift */ = {isa = PBXFileReference; lastKnownFileType = sourcecode.swift; name = RespostasView.swift; path = View/RespostasView.swift; sourceTree = SOURCE_ROOT; };
/* End PBXFileReference section */

/* Begin PBXFrameworksBuildPhase section */
		6B35D92C29CB95EA00C59E34 /* Frameworks */ = {
			isa = PBXFrameworksBuildPhase;
			buildActionMask = 2147483647;
			files = (
			);
			runOnlyForDeploymentPostprocessing = 0;
		};
		6B35D93C29CB95EA00C59E34 /* Frameworks */ = {
			isa = PBXFrameworksBuildPhase;
			buildActionMask = 2147483647;
			files = (
			);
			runOnlyForDeploymentPostprocessing = 0;
		};
		6B35D94629CB95EA00C59E34 /* Frameworks */ = {
			isa = PBXFrameworksBuildPhase;
			buildActionMask = 2147483647;
			files = (
			);
			runOnlyForDeploymentPostprocessing = 0;
		};
/* End PBXFrameworksBuildPhase section */

/* Begin PBXGroup section */
		6B35D92629CB95EA00C59E34 = {
			isa = PBXGroup;
			children = (
				6B35D95E29CB96CD00C59E34 /* Model */,
				6B35D95D29CB96C200C59E34 /* ViewModel */,
				6B35D95C29CB96B900C59E34 /* View */,
				6B35D93129CB95EA00C59E34 /* Mini4 */,
				6B35D94229CB95EA00C59E34 /* Mini4Tests */,
				6B35D94C29CB95EA00C59E34 /* Mini4UITests */,
				6B35D93029CB95EA00C59E34 /* Products */,
			);
			sourceTree = "<group>";
		};
		6B35D93029CB95EA00C59E34 /* Products */ = {
			isa = PBXGroup;
			children = (
				6B35D92F29CB95EA00C59E34 /* Mini4.app */,
				6B35D93F29CB95EA00C59E34 /* Mini4Tests.xctest */,
				6B35D94929CB95EA00C59E34 /* Mini4UITests.xctest */,
			);
			name = Products;
			sourceTree = "<group>";
		};
		6B35D93129CB95EA00C59E34 /* Mini4 */ = {
			isa = PBXGroup;
			children = (
				6B35D93229CB95EA00C59E34 /* Mini4App.swift */,
				6B35D93629CB95EA00C59E34 /* Assets.xcassets */,
				6B35D93829CB95EA00C59E34 /* Preview Content */,
			);
			path = Mini4;
			sourceTree = "<group>";
		};
		6B35D93829CB95EA00C59E34 /* Preview Content */ = {
			isa = PBXGroup;
			children = (
				6B35D93929CB95EA00C59E34 /* Preview Assets.xcassets */,
			);
			path = "Preview Content";
			sourceTree = "<group>";
		};
		6B35D94229CB95EA00C59E34 /* Mini4Tests */ = {
			isa = PBXGroup;
			children = (
				6B35D94329CB95EA00C59E34 /* Mini4Tests.swift */,
			);
			path = Mini4Tests;
			sourceTree = "<group>";
		};
		6B35D94C29CB95EA00C59E34 /* Mini4UITests */ = {
			isa = PBXGroup;
			children = (
				6B35D94D29CB95EA00C59E34 /* Mini4UITests.swift */,
				6B35D94F29CB95EA00C59E34 /* Mini4UITestsLaunchTests.swift */,
			);
			path = Mini4UITests;
			sourceTree = "<group>";
		};
		6B35D95C29CB96B900C59E34 /* View */ = {
			isa = PBXGroup;
			children = (
				6B35D93429CB95EA00C59E34 /* ContentView.swift */,
				D4DB4A2329CE41EB00194C3F /* RespostasView.swift */,
				6BE8819E29D35F5500AC287C /* RectangleBottom.swift */,
				6B35D97129D21B8D00C59E34 /* BottomButtons.swift */,
				6BE881A429D37F9100AC287C /* RefreshAndOkButtons.swift */,
			);
			path = View;
			sourceTree = "<group>";
		};
		6B35D95D29CB96C200C59E34 /* ViewModel */ = {
			isa = PBXGroup;
			children = (
			);
			path = ViewModel;
			sourceTree = "<group>";
		};
		6B35D95E29CB96CD00C59E34 /* Model */ = {
			isa = PBXGroup;
			children = (
				6B35D96D29D215AD00C59E34 /* GeometryForm.swift */,
				6BE881A229D3666000AC287C /* ButtonGameRefreshConf.swift */,
			);
			path = Model;
			sourceTree = "<group>";
		};
/* End PBXGroup section */

/* Begin PBXNativeTarget section */
		6B35D92E29CB95EA00C59E34 /* Mini4 */ = {
			isa = PBXNativeTarget;
			buildConfigurationList = 6B35D95329CB95EA00C59E34 /* Build configuration list for PBXNativeTarget "Mini4" */;
			buildPhases = (
				6B35D92B29CB95EA00C59E34 /* Sources */,
				6B35D92C29CB95EA00C59E34 /* Frameworks */,
				6B35D92D29CB95EA00C59E34 /* Resources */,
			);
			buildRules = (
			);
			dependencies = (
			);
			name = Mini4;
			productName = Mini4;
			productReference = 6B35D92F29CB95EA00C59E34 /* Mini4.app */;
			productType = "com.apple.product-type.application";
		};
		6B35D93E29CB95EA00C59E34 /* Mini4Tests */ = {
			isa = PBXNativeTarget;
			buildConfigurationList = 6B35D95629CB95EA00C59E34 /* Build configuration list for PBXNativeTarget "Mini4Tests" */;
			buildPhases = (
				6B35D93B29CB95EA00C59E34 /* Sources */,
				6B35D93C29CB95EA00C59E34 /* Frameworks */,
				6B35D93D29CB95EA00C59E34 /* Resources */,
			);
			buildRules = (
			);
			dependencies = (
				6B35D94129CB95EA00C59E34 /* PBXTargetDependency */,
			);
			name = Mini4Tests;
			productName = Mini4Tests;
			productReference = 6B35D93F29CB95EA00C59E34 /* Mini4Tests.xctest */;
			productType = "com.apple.product-type.bundle.unit-test";
		};
		6B35D94829CB95EA00C59E34 /* Mini4UITests */ = {
			isa = PBXNativeTarget;
			buildConfigurationList = 6B35D95929CB95EA00C59E34 /* Build configuration list for PBXNativeTarget "Mini4UITests" */;
			buildPhases = (
				6B35D94529CB95EA00C59E34 /* Sources */,
				6B35D94629CB95EA00C59E34 /* Frameworks */,
				6B35D94729CB95EA00C59E34 /* Resources */,
			);
			buildRules = (
			);
			dependencies = (
				6B35D94B29CB95EA00C59E34 /* PBXTargetDependency */,
			);
			name = Mini4UITests;
			productName = Mini4UITests;
			productReference = 6B35D94929CB95EA00C59E34 /* Mini4UITests.xctest */;
			productType = "com.apple.product-type.bundle.ui-testing";
		};
/* End PBXNativeTarget section */

/* Begin PBXProject section */
		6B35D92729CB95EA00C59E34 /* Project object */ = {
			isa = PBXProject;
			attributes = {
				BuildIndependentTargetsInParallel = 1;
				LastSwiftUpdateCheck = 1410;
				LastUpgradeCheck = 1410;
				TargetAttributes = {
					6B35D92E29CB95EA00C59E34 = {
						CreatedOnToolsVersion = 14.1;
					};
					6B35D93E29CB95EA00C59E34 = {
						CreatedOnToolsVersion = 14.1;
						TestTargetID = 6B35D92E29CB95EA00C59E34;
					};
					6B35D94829CB95EA00C59E34 = {
						CreatedOnToolsVersion = 14.1;
						TestTargetID = 6B35D92E29CB95EA00C59E34;
					};
				};
			};
			buildConfigurationList = 6B35D92A29CB95EA00C59E34 /* Build configuration list for PBXProject "Mini4" */;
			compatibilityVersion = "Xcode 14.0";
			developmentRegion = en;
			hasScannedForEncodings = 0;
			knownRegions = (
				en,
				Base,
			);
			mainGroup = 6B35D92629CB95EA00C59E34;
			productRefGroup = 6B35D93029CB95EA00C59E34 /* Products */;
			projectDirPath = "";
			projectRoot = "";
			targets = (
				6B35D92E29CB95EA00C59E34 /* Mini4 */,
				6B35D93E29CB95EA00C59E34 /* Mini4Tests */,
				6B35D94829CB95EA00C59E34 /* Mini4UITests */,
			);
		};
/* End PBXProject section */

/* Begin PBXResourcesBuildPhase section */
		6B35D92D29CB95EA00C59E34 /* Resources */ = {
			isa = PBXResourcesBuildPhase;
			buildActionMask = 2147483647;
			files = (
				6B35D93A29CB95EA00C59E34 /* Preview Assets.xcassets in Resources */,
				6B35D93729CB95EA00C59E34 /* Assets.xcassets in Resources */,
			);
			runOnlyForDeploymentPostprocessing = 0;
		};
		6B35D93D29CB95EA00C59E34 /* Resources */ = {
			isa = PBXResourcesBuildPhase;
			buildActionMask = 2147483647;
			files = (
			);
			runOnlyForDeploymentPostprocessing = 0;
		};
		6B35D94729CB95EA00C59E34 /* Resources */ = {
			isa = PBXResourcesBuildPhase;
			buildActionMask = 2147483647;
			files = (
			);
			runOnlyForDeploymentPostprocessing = 0;
		};
/* End PBXResourcesBuildPhase section */

/* Begin PBXSourcesBuildPhase section */
		6B35D92B29CB95EA00C59E34 /* Sources */ = {
			isa = PBXSourcesBuildPhase;
			buildActionMask = 2147483647;
			files = (
				D4DB4A2429CE41EB00194C3F /* RespostasView.swift in Sources */,
				6BE881A529D37F9100AC287C /* RefreshAndOkButtons.swift in Sources */,
				6B35D96E29D215AD00C59E34 /* GeometryForm.swift in Sources */,
				6B35D93529CB95EA00C59E34 /* ContentView.swift in Sources */,
				6B35D97229D21B8D00C59E34 /* BottomButtons.swift in Sources */,
				6BE881A329D3666000AC287C /* ButtonGameRefreshConf.swift in Sources */,
				6BE8819F29D35F5500AC287C /* RectangleBottom.swift in Sources */,
				6B35D93329CB95EA00C59E34 /* Mini4App.swift in Sources */,
			);
			runOnlyForDeploymentPostprocessing = 0;
		};
		6B35D93B29CB95EA00C59E34 /* Sources */ = {
			isa = PBXSourcesBuildPhase;
			buildActionMask = 2147483647;
			files = (
				6B35D94429CB95EA00C59E34 /* Mini4Tests.swift in Sources */,
			);
			runOnlyForDeploymentPostprocessing = 0;
		};
		6B35D94529CB95EA00C59E34 /* Sources */ = {
			isa = PBXSourcesBuildPhase;
			buildActionMask = 2147483647;
			files = (
				6B35D95029CB95EA00C59E34 /* Mini4UITestsLaunchTests.swift in Sources */,
				6B35D94E29CB95EA00C59E34 /* Mini4UITests.swift in Sources */,
			);
			runOnlyForDeploymentPostprocessing = 0;
		};
/* End PBXSourcesBuildPhase section */

/* Begin PBXTargetDependency section */
		6B35D94129CB95EA00C59E34 /* PBXTargetDependency */ = {
			isa = PBXTargetDependency;
			target = 6B35D92E29CB95EA00C59E34 /* Mini4 */;
			targetProxy = 6B35D94029CB95EA00C59E34 /* PBXContainerItemProxy */;
		};
		6B35D94B29CB95EA00C59E34 /* PBXTargetDependency */ = {
			isa = PBXTargetDependency;
			target = 6B35D92E29CB95EA00C59E34 /* Mini4 */;
			targetProxy = 6B35D94A29CB95EA00C59E34 /* PBXContainerItemProxy */;
		};
/* End PBXTargetDependency section */

/* Begin XCBuildConfiguration section */
		6B35D95129CB95EA00C59E34 /* Debug */ = {
			isa = XCBuildConfiguration;
			buildSettings = {
				ALWAYS_SEARCH_USER_PATHS = NO;
				CLANG_ANALYZER_NONNULL = YES;
				CLANG_ANALYZER_NUMBER_OBJECT_CONVERSION = YES_AGGRESSIVE;
				CLANG_CXX_LANGUAGE_STANDARD = "gnu++20";
				CLANG_ENABLE_MODULES = YES;
				CLANG_ENABLE_OBJC_ARC = YES;
				CLANG_ENABLE_OBJC_WEAK = YES;
				CLANG_WARN_BLOCK_CAPTURE_AUTORELEASING = YES;
				CLANG_WARN_BOOL_CONVERSION = YES;
				CLANG_WARN_COMMA = YES;
				CLANG_WARN_CONSTANT_CONVERSION = YES;
				CLANG_WARN_DEPRECATED_OBJC_IMPLEMENTATIONS = YES;
				CLANG_WARN_DIRECT_OBJC_ISA_USAGE = YES_ERROR;
				CLANG_WARN_DOCUMENTATION_COMMENTS = YES;
				CLANG_WARN_EMPTY_BODY = YES;
				CLANG_WARN_ENUM_CONVERSION = YES;
				CLANG_WARN_INFINITE_RECURSION = YES;
				CLANG_WARN_INT_CONVERSION = YES;
				CLANG_WARN_NON_LITERAL_NULL_CONVERSION = YES;
				CLANG_WARN_OBJC_IMPLICIT_RETAIN_SELF = YES;
				CLANG_WARN_OBJC_LITERAL_CONVERSION = YES;
				CLANG_WARN_OBJC_ROOT_CLASS = YES_ERROR;
				CLANG_WARN_QUOTED_INCLUDE_IN_FRAMEWORK_HEADER = YES;
				CLANG_WARN_RANGE_LOOP_ANALYSIS = YES;
				CLANG_WARN_STRICT_PROTOTYPES = YES;
				CLANG_WARN_SUSPICIOUS_MOVE = YES;
				CLANG_WARN_UNGUARDED_AVAILABILITY = YES_AGGRESSIVE;
				CLANG_WARN_UNREACHABLE_CODE = YES;
				CLANG_WARN__DUPLICATE_METHOD_MATCH = YES;
				COPY_PHASE_STRIP = NO;
				DEBUG_INFORMATION_FORMAT = dwarf;
				ENABLE_STRICT_OBJC_MSGSEND = YES;
				ENABLE_TESTABILITY = YES;
				GCC_C_LANGUAGE_STANDARD = gnu11;
				GCC_DYNAMIC_NO_PIC = NO;
				GCC_NO_COMMON_BLOCKS = YES;
				GCC_OPTIMIZATION_LEVEL = 0;
				GCC_PREPROCESSOR_DEFINITIONS = (
					"DEBUG=1",
					"$(inherited)",
				);
				GCC_WARN_64_TO_32_BIT_CONVERSION = YES;
				GCC_WARN_ABOUT_RETURN_TYPE = YES_ERROR;
				GCC_WARN_UNDECLARED_SELECTOR = YES;
				GCC_WARN_UNINITIALIZED_AUTOS = YES_AGGRESSIVE;
				GCC_WARN_UNUSED_FUNCTION = YES;
				GCC_WARN_UNUSED_VARIABLE = YES;
				IPHONEOS_DEPLOYMENT_TARGET = 16.1;
				MTL_ENABLE_DEBUG_INFO = INCLUDE_SOURCE;
				MTL_FAST_MATH = YES;
				ONLY_ACTIVE_ARCH = YES;
				SDKROOT = iphoneos;
				SWIFT_ACTIVE_COMPILATION_CONDITIONS = DEBUG;
				SWIFT_OPTIMIZATION_LEVEL = "-Onone";
			};
			name = Debug;
		};
		6B35D95229CB95EA00C59E34 /* Release */ = {
			isa = XCBuildConfiguration;
			buildSettings = {
				ALWAYS_SEARCH_USER_PATHS = NO;
				CLANG_ANALYZER_NONNULL = YES;
				CLANG_ANALYZER_NUMBER_OBJECT_CONVERSION = YES_AGGRESSIVE;
				CLANG_CXX_LANGUAGE_STANDARD = "gnu++20";
				CLANG_ENABLE_MODULES = YES;
				CLANG_ENABLE_OBJC_ARC = YES;
				CLANG_ENABLE_OBJC_WEAK = YES;
				CLANG_WARN_BLOCK_CAPTURE_AUTORELEASING = YES;
				CLANG_WARN_BOOL_CONVERSION = YES;
				CLANG_WARN_COMMA = YES;
				CLANG_WARN_CONSTANT_CONVERSION = YES;
				CLANG_WARN_DEPRECATED_OBJC_IMPLEMENTATIONS = YES;
				CLANG_WARN_DIRECT_OBJC_ISA_USAGE = YES_ERROR;
				CLANG_WARN_DOCUMENTATION_COMMENTS = YES;
				CLANG_WARN_EMPTY_BODY = YES;
				CLANG_WARN_ENUM_CONVERSION = YES;
				CLANG_WARN_INFINITE_RECURSION = YES;
				CLANG_WARN_INT_CONVERSION = YES;
				CLANG_WARN_NON_LITERAL_NULL_CONVERSION = YES;
				CLANG_WARN_OBJC_IMPLICIT_RETAIN_SELF = YES;
				CLANG_WARN_OBJC_LITERAL_CONVERSION = YES;
				CLANG_WARN_OBJC_ROOT_CLASS = YES_ERROR;
				CLANG_WARN_QUOTED_INCLUDE_IN_FRAMEWORK_HEADER = YES;
				CLANG_WARN_RANGE_LOOP_ANALYSIS = YES;
				CLANG_WARN_STRICT_PROTOTYPES = YES;
				CLANG_WARN_SUSPICIOUS_MOVE = YES;
				CLANG_WARN_UNGUARDED_AVAILABILITY = YES_AGGRESSIVE;
				CLANG_WARN_UNREACHABLE_CODE = YES;
				CLANG_WARN__DUPLICATE_METHOD_MATCH = YES;
				COPY_PHASE_STRIP = NO;
				DEBUG_INFORMATION_FORMAT = "dwarf-with-dsym";
				ENABLE_NS_ASSERTIONS = NO;
				ENABLE_STRICT_OBJC_MSGSEND = YES;
				GCC_C_LANGUAGE_STANDARD = gnu11;
				GCC_NO_COMMON_BLOCKS = YES;
				GCC_WARN_64_TO_32_BIT_CONVERSION = YES;
				GCC_WARN_ABOUT_RETURN_TYPE = YES_ERROR;
				GCC_WARN_UNDECLARED_SELECTOR = YES;
				GCC_WARN_UNINITIALIZED_AUTOS = YES_AGGRESSIVE;
				GCC_WARN_UNUSED_FUNCTION = YES;
				GCC_WARN_UNUSED_VARIABLE = YES;
				IPHONEOS_DEPLOYMENT_TARGET = 16.1;
				MTL_ENABLE_DEBUG_INFO = NO;
				MTL_FAST_MATH = YES;
				SDKROOT = iphoneos;
				SWIFT_COMPILATION_MODE = wholemodule;
				SWIFT_OPTIMIZATION_LEVEL = "-O";
				VALIDATE_PRODUCT = YES;
			};
			name = Release;
		};
		6B35D95429CB95EA00C59E34 /* Debug */ = {
			isa = XCBuildConfiguration;
			buildSettings = {
				ASSETCATALOG_COMPILER_APPICON_NAME = AppIcon;
				ASSETCATALOG_COMPILER_GLOBAL_ACCENT_COLOR_NAME = AccentColor;
				CODE_SIGN_STYLE = Automatic;
				CURRENT_PROJECT_VERSION = 1;
				DEVELOPMENT_ASSET_PATHS = "\"Mini4/Preview Content\"";
				DEVELOPMENT_TEAM = MM9XM3Z7DH;
				ENABLE_PREVIEWS = YES;
				GENERATE_INFOPLIST_FILE = YES;
				INFOPLIST_KEY_UIApplicationSceneManifest_Generation = YES;
				INFOPLIST_KEY_UIApplicationSupportsIndirectInputEvents = YES;
				INFOPLIST_KEY_UILaunchScreen_Generation = YES;
				INFOPLIST_KEY_UISupportedInterfaceOrientations_iPad = "UIInterfaceOrientationPortrait UIInterfaceOrientationPortraitUpsideDown UIInterfaceOrientationLandscapeLeft UIInterfaceOrientationLandscapeRight";
				INFOPLIST_KEY_UISupportedInterfaceOrientations_iPhone = "UIInterfaceOrientationPortrait UIInterfaceOrientationLandscapeLeft UIInterfaceOrientationLandscapeRight";
				LD_RUNPATH_SEARCH_PATHS = (
					"$(inherited)",
					"@executable_path/Frameworks",
				);
				MARKETING_VERSION = 1.0;
				PRODUCT_BUNDLE_IDENTIFIER = BarbaraArgolo.Mini4;
				PRODUCT_NAME = "$(TARGET_NAME)";
				SWIFT_EMIT_LOC_STRINGS = YES;
				SWIFT_VERSION = 5.0;
				TARGETED_DEVICE_FAMILY = "1,2";
			};
			name = Debug;
		};
		6B35D95529CB95EA00C59E34 /* Release */ = {
			isa = XCBuildConfiguration;
			buildSettings = {
				ASSETCATALOG_COMPILER_APPICON_NAME = AppIcon;
				ASSETCATALOG_COMPILER_GLOBAL_ACCENT_COLOR_NAME = AccentColor;
				CODE_SIGN_STYLE = Automatic;
				CURRENT_PROJECT_VERSION = 1;
				DEVELOPMENT_ASSET_PATHS = "\"Mini4/Preview Content\"";
				DEVELOPMENT_TEAM = MM9XM3Z7DH;
				ENABLE_PREVIEWS = YES;
				GENERATE_INFOPLIST_FILE = YES;
				INFOPLIST_KEY_UIApplicationSceneManifest_Generation = YES;
				INFOPLIST_KEY_UIApplicationSupportsIndirectInputEvents = YES;
				INFOPLIST_KEY_UILaunchScreen_Generation = YES;
				INFOPLIST_KEY_UISupportedInterfaceOrientations_iPad = "UIInterfaceOrientationPortrait UIInterfaceOrientationPortraitUpsideDown UIInterfaceOrientationLandscapeLeft UIInterfaceOrientationLandscapeRight";
				INFOPLIST_KEY_UISupportedInterfaceOrientations_iPhone = "UIInterfaceOrientationPortrait UIInterfaceOrientationLandscapeLeft UIInterfaceOrientationLandscapeRight";
				LD_RUNPATH_SEARCH_PATHS = (
					"$(inherited)",
					"@executable_path/Frameworks",
				);
				MARKETING_VERSION = 1.0;
				PRODUCT_BUNDLE_IDENTIFIER = BarbaraArgolo.Mini4;
				PRODUCT_NAME = "$(TARGET_NAME)";
				SWIFT_EMIT_LOC_STRINGS = YES;
				SWIFT_VERSION = 5.0;
				TARGETED_DEVICE_FAMILY = "1,2";
			};
			name = Release;
		};
		6B35D95729CB95EA00C59E34 /* Debug */ = {
			isa = XCBuildConfiguration;
			buildSettings = {
				ALWAYS_EMBED_SWIFT_STANDARD_LIBRARIES = YES;
				BUNDLE_LOADER = "$(TEST_HOST)";
				CODE_SIGN_STYLE = Automatic;
				CURRENT_PROJECT_VERSION = 1;
				DEVELOPMENT_TEAM = V9W6LRA69X;
				GENERATE_INFOPLIST_FILE = YES;
				IPHONEOS_DEPLOYMENT_TARGET = 16.1;
				MARKETING_VERSION = 1.0;
				PRODUCT_BUNDLE_IDENTIFIER = BarbaraArgolo.Mini4Tests;
				PRODUCT_NAME = "$(TARGET_NAME)";
				SWIFT_EMIT_LOC_STRINGS = NO;
				SWIFT_VERSION = 5.0;
				TARGETED_DEVICE_FAMILY = "1,2";
				TEST_HOST = "$(BUILT_PRODUCTS_DIR)/Mini4.app/$(BUNDLE_EXECUTABLE_FOLDER_PATH)/Mini4";
			};
			name = Debug;
		};
		6B35D95829CB95EA00C59E34 /* Release */ = {
			isa = XCBuildConfiguration;
			buildSettings = {
				ALWAYS_EMBED_SWIFT_STANDARD_LIBRARIES = YES;
				BUNDLE_LOADER = "$(TEST_HOST)";
				CODE_SIGN_STYLE = Automatic;
				CURRENT_PROJECT_VERSION = 1;
				DEVELOPMENT_TEAM = V9W6LRA69X;
				GENERATE_INFOPLIST_FILE = YES;
				IPHONEOS_DEPLOYMENT_TARGET = 16.1;
				MARKETING_VERSION = 1.0;
				PRODUCT_BUNDLE_IDENTIFIER = BarbaraArgolo.Mini4Tests;
				PRODUCT_NAME = "$(TARGET_NAME)";
				SWIFT_EMIT_LOC_STRINGS = NO;
				SWIFT_VERSION = 5.0;
				TARGETED_DEVICE_FAMILY = "1,2";
				TEST_HOST = "$(BUILT_PRODUCTS_DIR)/Mini4.app/$(BUNDLE_EXECUTABLE_FOLDER_PATH)/Mini4";
			};
			name = Release;
		};
		6B35D95A29CB95EA00C59E34 /* Debug */ = {
			isa = XCBuildConfiguration;
			buildSettings = {
				ALWAYS_EMBED_SWIFT_STANDARD_LIBRARIES = YES;
				CODE_SIGN_STYLE = Automatic;
				CURRENT_PROJECT_VERSION = 1;
				DEVELOPMENT_TEAM = V9W6LRA69X;
				GENERATE_INFOPLIST_FILE = YES;
				MARKETING_VERSION = 1.0;
				PRODUCT_BUNDLE_IDENTIFIER = BarbaraArgolo.Mini4UITests;
				PRODUCT_NAME = "$(TARGET_NAME)";
				SWIFT_EMIT_LOC_STRINGS = NO;
				SWIFT_VERSION = 5.0;
				TARGETED_DEVICE_FAMILY = "1,2";
				TEST_TARGET_NAME = Mini4;
			};
			name = Debug;
		};
		6B35D95B29CB95EA00C59E34 /* Release */ = {
			isa = XCBuildConfiguration;
			buildSettings = {
				ALWAYS_EMBED_SWIFT_STANDARD_LIBRARIES = YES;
				CODE_SIGN_STYLE = Automatic;
				CURRENT_PROJECT_VERSION = 1;
				DEVELOPMENT_TEAM = V9W6LRA69X;
				GENERATE_INFOPLIST_FILE = YES;
				MARKETING_VERSION = 1.0;
				PRODUCT_BUNDLE_IDENTIFIER = BarbaraArgolo.Mini4UITests;
				PRODUCT_NAME = "$(TARGET_NAME)";
				SWIFT_EMIT_LOC_STRINGS = NO;
				SWIFT_VERSION = 5.0;
				TARGETED_DEVICE_FAMILY = "1,2";
				TEST_TARGET_NAME = Mini4;
			};
			name = Release;
		};
/* End XCBuildConfiguration section */

/* Begin XCConfigurationList section */
		6B35D92A29CB95EA00C59E34 /* Build configuration list for PBXProject "Mini4" */ = {
			isa = XCConfigurationList;
			buildConfigurations = (
				6B35D95129CB95EA00C59E34 /* Debug */,
				6B35D95229CB95EA00C59E34 /* Release */,
			);
			defaultConfigurationIsVisible = 0;
			defaultConfigurationName = Release;
		};
		6B35D95329CB95EA00C59E34 /* Build configuration list for PBXNativeTarget "Mini4" */ = {
			isa = XCConfigurationList;
			buildConfigurations = (
				6B35D95429CB95EA00C59E34 /* Debug */,
				6B35D95529CB95EA00C59E34 /* Release */,
			);
			defaultConfigurationIsVisible = 0;
			defaultConfigurationName = Release;
		};
		6B35D95629CB95EA00C59E34 /* Build configuration list for PBXNativeTarget "Mini4Tests" */ = {
			isa = XCConfigurationList;
			buildConfigurations = (
				6B35D95729CB95EA00C59E34 /* Debug */,
				6B35D95829CB95EA00C59E34 /* Release */,
			);
			defaultConfigurationIsVisible = 0;
			defaultConfigurationName = Release;
		};
		6B35D95929CB95EA00C59E34 /* Build configuration list for PBXNativeTarget "Mini4UITests" */ = {
			isa = XCConfigurationList;
			buildConfigurations = (
				6B35D95A29CB95EA00C59E34 /* Debug */,
				6B35D95B29CB95EA00C59E34 /* Release */,
			);
			defaultConfigurationIsVisible = 0;
			defaultConfigurationName = Release;
		};
/* End XCConfigurationList section */
	};
	rootObject = 6B35D92729CB95EA00C59E34 /* Project object */;
}
